
Microsoft Visual Studio Solution File, Format Version 12.00
# Visual Studio Version 16
VisualStudioVersion = 16.0.31321.278
MinimumVisualStudioVersion = 10.0.40219.1
Project("{9A19103F-16F7-4668-BE54-9A1E7A4F7556}") = "ff-net31-Server-SDK", "CfClient\ff-net31-Server-SDK.csproj", "{2578B83D-0EA3-4B74-8B06-297F0890EA88}"
EndProject
Global
	GlobalSection(SolutionConfigurationPlatforms) = preSolution
		Debug|Any CPU = Debug|Any CPU
		Release|Any CPU = Release|Any CPU
	EndGlobalSection
	GlobalSection(ProjectConfigurationPlatforms) = postSolution
		{2578B83D-0EA3-4B74-8B06-297F0890EA88}.Debug|Any CPU.ActiveCfg = Debug|Any CPU
		{2578B83D-0EA3-4B74-8B06-297F0890EA88}.Debug|Any CPU.Build.0 = Debug|Any CPU
		{2578B83D-0EA3-4B74-8B06-297F0890EA88}.Release|Any CPU.ActiveCfg = Release|Any CPU
		{2578B83D-0EA3-4B74-8B06-297F0890EA88}.Release|Any CPU.Build.0 = Release|Any CPU
	EndGlobalSection
	GlobalSection(SolutionProperties) = preSolution
		HideSolutionNode = FALSE
	EndGlobalSection
	GlobalSection(ExtensibilityGlobals) = postSolution
		SolutionGuid = {BAFDB1FA-A3E5-471E-825A-89651203E913}
	EndGlobalSection
EndGlobal
